# This file is automatically @generated by Cargo.
# It is not intended for manual editing.
version = 3

[[package]]
name = "data2sound"
version = "0.2.2"
source = "registry+https://github.com/rust-lang/crates.io-index"
checksum = "4fac5157ecdab8a6a1c937b8792ffcdc0a3ae4d703d2fc3fd781be2825d00662"

[[package]]
name = "fm-data-transmitter"
version = "0.1.0"
dependencies = [
 "data2sound",
]
